
Microsoft Visual Studio Solution File, Format Version 12.00
# Visual Studio Version 17
VisualStudioVersion = 17.9.34728.123
MinimumVisualStudioVersion = 10.0.40219.1
Project("{9A19103F-16F7-4668-BE54-9A1E7A4F7556}") = "PaginationDemo", "PaginationDemo\PaginationDemo.csproj", "{62DCB142-188A-431C-918B-140963DC1AAF}"
EndProject
Project("{FAE04EC0-301F-11D3-BF4B-00C04F79EFBC}") = "PaginationDemoTest", "PaginationDemoTest\PaginationDemoTest.csproj", "{C2C6B089-F787-415F-986B-BD78EEA5B71C}"
EndProject
Global
	GlobalSection(SolutionConfigurationPlatforms) = preSolution
		Debug|Any CPU = Debug|Any CPU
		Release|Any CPU = Release|Any CPU
	EndGlobalSection
	GlobalSection(ProjectConfigurationPlatforms) = postSolution
		{62DCB142-188A-431C-918B-140963DC1AAF}.Debug|Any CPU.ActiveCfg = Debug|Any CPU
		{62DCB142-188A-431C-918B-140963DC1AAF}.Debug|Any CPU.Build.0 = Debug|Any CPU
		{62DCB142-188A-431C-918B-140963DC1AAF}.Release|Any CPU.ActiveCfg = Release|Any CPU
		{62DCB142-188A-431C-918B-140963DC1AAF}.Release|Any CPU.Build.0 = Release|Any CPU
		{C2C6B089-F787-415F-986B-BD78EEA5B71C}.Debug|Any CPU.ActiveCfg = Debug|Any CPU
		{C2C6B089-F787-415F-986B-BD78EEA5B71C}.Debug|Any CPU.Build.0 = Debug|Any CPU
		{C2C6B089-F787-415F-986B-BD78EEA5B71C}.Release|Any CPU.ActiveCfg = Release|Any CPU
		{C2C6B089-F787-415F-986B-BD78EEA5B71C}.Release|Any CPU.Build.0 = Release|Any CPU
	EndGlobalSection
	GlobalSection(SolutionProperties) = preSolution
		HideSolutionNode = FALSE
	EndGlobalSection
	GlobalSection(ExtensibilityGlobals) = postSolution
		SolutionGuid = {BD0F4DEF-65E6-429F-A781-80B3E99FB67E}
	EndGlobalSection
EndGlobal
